<?xml version="1.0" encoding="utf-8"?>
<Project ToolsVersion="4.0" xmlns="http://schemas.microsoft.com/developer/msbuild/2003">
  <ItemGroup>
    <Filter Include="Header Files">
      <UniqueIdentifier>{93995380-89BD-4b04-88EB-625FBE52EBFB}</UniqueIdentifier>
      <Extensions>h;hh;hpp;hxx;h++;hm;inl;inc;ipp;xsd</Extensions>
    </Filter>
    <Filter Include="Resource Files">
      <UniqueIdentifier>{67DA6AB6-F800-4c08-8B7A-83BB121AAD01}</UniqueIdentifier>
      <Extensions>rc;ico;cur;bmp;dlg;rc2;rct;bin;rgs;gif;jpg;jpeg;jpe;resx;tiff;tif;png;wav;mfcribbon-ms</Extensions>
    </Filter>
    <Filter Include="Frame">
      <UniqueIdentifier>{2fe114f1-4108-44a2-8b00-882e6b205d8f}</UniqueIdentifier>
    </Filter>
    <Filter Include="Application">
      <UniqueIdentifier>{a5c0f249-6e3e-4048-a024-461eba62fad8}</UniqueIdentifier>
    </Filter>
    <Filter Include="States">
      <UniqueIdentifier>{c7232e8e-7fae-4507-b85f-100accccd4c5}</UniqueIdentifier>
    </Filter>
    <Filter Include="Button">
      <UniqueIdentifier>{0a6fe075-473e-455f-8fbd-f9f297f71e3b}</UniqueIdentifier>
    </Filter>
    <Filter Include="RegistrationState">
      <UniqueIdentifier>{371e1dcb-0214-4df6-97d3-f47c465ef4ff}</UniqueIdentifier>
    </Filter>
    <Filter Include="AccountState">
      <UniqueIdentifier>{daf9fcb0-d064-4835-8dd9-b95826ba82b4}</UniqueIdentifier>
    </Filter>
    <Filter Include="Main">
      <UniqueIdentifier>{4FC737F1-C7A5-4376-A066-2A32D752A2FF}</UniqueIdentifier>
      <Extensions>cpp;c;cc;cxx;c++;cppm;ixx;def;odl;idl;hpj;bat;asm;asmx</Extensions>
    </Filter>
    <Filter Include="Database">
      <UniqueIdentifier>{e6c3839b-b317-434d-b810-8e92221a32b4}</UniqueIdentifier>
    </Filter>
  </ItemGroup>
  <ItemGroup>
    <ClCompile Include="Car_Rental_Main.cpp">
      <Filter>Main</Filter>
    </ClCompile>
    <ClCompile Include="DbConnection.cpp">
      <Filter>Database</Filter>
    </ClCompile>
    <ClCompile Include="AccountState.cpp">
      <Filter>AccountState</Filter>
    </ClCompile>
    <ClCompile Include="Application.cpp">
      <Filter>Application</Filter>
    </ClCompile>
    <ClCompile Include="State.cpp">
      <Filter>States</Filter>
    </ClCompile>
    <ClCompile Include="Button.cpp">
      <Filter>Button</Filter>
    </ClCompile>
    <ClCompile Include="RegistrationState.cpp">
      <Filter>RegistrationState</Filter>
    </ClCompile>
  </ItemGroup>
  <ItemGroup>
    <ClInclude Include="DbConnection.h">
      <Filter>Database</Filter>
    </ClInclude>
    <ClInclude Include="AccountState.h">
      <Filter>AccountState</Filter>
    </ClInclude>
    <ClInclude Include="Application.h">
      <Filter>Application</Filter>
    </ClInclude>
    <ClInclude Include="State.h">
      <Filter>States</Filter>
    </ClInclude>
    <ClInclude Include="Button.h">
      <Filter>Button</Filter>
    </ClInclude>
    <ClInclude Include="RegistrationState.h">
      <Filter>RegistrationState</Filter>
    </ClInclude>
  </ItemGroup>
</Project>